{
  "requires": true,
  "lockfileVersion": 1,
  "dependencies": {
    "lodash": {
      "version": "4.17.4",
      "resolved": "https://registry.npmjs.org/lodash/-/lodash-4.17.4.tgz",
      "integrity": "sha1-eCA6TRwyiuHYbcpkYONptX9AVa4="
    },
    "twitch-bot": {
      "version": "1.2.2",
      "resolved": "https://registry.npmjs.org/twitch-bot/-/twitch-bot-1.2.2.tgz",
      "integrity": "sha512-B9RID8qy6rT2M9tAJXpxlXPhLMP+m7vci2y1LCX/KLZ1Zk4gvVQGh8t23CkO3B8z7GmiSr2MdhGuxdRBG0Izew==",
      "requires": {
        "lodash": "4.17.4"
      }
    }
  }
}
